
Microsoft Visual Studio Solution File, Format Version 12.00
# Visual Studio Version 18
VisualStudioVersion = 18.0.11217.181 d18.0
MinimumVisualStudioVersion = 10.0.40219.1
Project("{FAE04EC0-301F-11D3-BF4B-00C04F79EFBC}") = "Common", "Common\Common.csproj", "{81D128D7-4580-4976-AFA7-7457229818BB}"
EndProject
Project("{FAE04EC0-301F-11D3-BF4B-00C04F79EFBC}") = "TestKitManagement", "TestKitManagement\TestKitManagement.csproj", "{BA6E5DA0-9897-409A-BF64-D09677D3D601}"
EndProject
Project("{FAE04EC0-301F-11D3-BF4B-00C04F79EFBC}") = "Middleware", "Middleware\Middleware.csproj", "{8C95A9B3-E106-42A5-8F93-3CFB7E8C48CA}"
EndProject
Project("{FAE04EC0-301F-11D3-BF4B-00C04F79EFBC}") = "ProcessManagement", "ProcessManagement\ProcessManagement.csproj", "{0FEF839D-86E7-4FFF-9B86-4080D759A891}"
EndProject
Project("{FAE04EC0-301F-11D3-BF4B-00C04F79EFBC}") = "FileManagement", "FileManagement\FileManagement.csproj", "{884BAAE1-2711-48C0-98D4-F02FE0DAD1E3}"
EndProject
Project("{FAE04EC0-301F-11D3-BF4B-00C04F79EFBC}") = "WpfUI", "WpfUI\WpfUI.csproj", "{9BA9AA95-49B8-478A-BB3F-555A92A32630}"
EndProject
Project("{FAE04EC0-301F-11D3-BF4B-00C04F79EFBC}") = "DatabaseServices", "DatabaseServices\DatabaseServices.csproj", "{BA80883B-19DE-4261-9D70-81F8B11221FB}"
EndProject
Project("{FAE04EC0-301F-11D3-BF4B-00C04F79EFBC}") = "NetworkMonitor", "NetworkMonitor\NetworkMonitor.csproj", "{A362613C-D62F-451C-8098-D78C760BEDA6}"
EndProject
Global
	GlobalSection(SolutionConfigurationPlatforms) = preSolution
		Debug|Any CPU = Debug|Any CPU
		Debug|x64 = Debug|x64
		Debug|x86 = Debug|x86
		Release|Any CPU = Release|Any CPU
		Release|x64 = Release|x64
		Release|x86 = Release|x86
	EndGlobalSection
	GlobalSection(ProjectConfigurationPlatforms) = postSolution
		{81D128D7-4580-4976-AFA7-7457229818BB}.Debug|Any CPU.ActiveCfg = Debug|Any CPU
		{81D128D7-4580-4976-AFA7-7457229818BB}.Debug|Any CPU.Build.0 = Debug|Any CPU
		{81D128D7-4580-4976-AFA7-7457229818BB}.Debug|x64.ActiveCfg = Debug|Any CPU
		{81D128D7-4580-4976-AFA7-7457229818BB}.Debug|x64.Build.0 = Debug|Any CPU
		{81D128D7-4580-4976-AFA7-7457229818BB}.Debug|x86.ActiveCfg = Debug|Any CPU
		{81D128D7-4580-4976-AFA7-7457229818BB}.Debug|x86.Build.0 = Debug|Any CPU
		{81D128D7-4580-4976-AFA7-7457229818BB}.Release|Any CPU.ActiveCfg = Release|Any CPU
		{81D128D7-4580-4976-AFA7-7457229818BB}.Release|Any CPU.Build.0 = Release|Any CPU
		{81D128D7-4580-4976-AFA7-7457229818BB}.Release|x64.ActiveCfg = Release|Any CPU
		{81D128D7-4580-4976-AFA7-7457229818BB}.Release|x64.Build.0 = Release|Any CPU
		{81D128D7-4580-4976-AFA7-7457229818BB}.Release|x86.ActiveCfg = Release|Any CPU
		{81D128D7-4580-4976-AFA7-7457229818BB}.Release|x86.Build.0 = Release|Any CPU
		{BA6E5DA0-9897-409A-BF64-D09677D3D601}.Debug|Any CPU.ActiveCfg = Debug|Any CPU
		{BA6E5DA0-9897-409A-BF64-D09677D3D601}.Debug|Any CPU.Build.0 = Debug|Any CPU
		{BA6E5DA0-9897-409A-BF64-D09677D3D601}.Debug|x64.ActiveCfg = Debug|Any CPU
		{BA6E5DA0-9897-409A-BF64-D09677D3D601}.Debug|x64.Build.0 = Debug|Any CPU
		{BA6E5DA0-9897-409A-BF64-D09677D3D601}.Debug|x86.ActiveCfg = Debug|Any CPU
		{BA6E5DA0-9897-409A-BF64-D09677D3D601}.Debug|x86.Build.0 = Debug|Any CPU
		{BA6E5DA0-9897-409A-BF64-D09677D3D601}.Release|Any CPU.ActiveCfg = Release|Any CPU
		{BA6E5DA0-9897-409A-BF64-D09677D3D601}.Release|Any CPU.Build.0 = Release|Any CPU
		{BA6E5DA0-9897-409A-BF64-D09677D3D601}.Release|x64.ActiveCfg = Release|Any CPU
		{BA6E5DA0-9897-409A-BF64-D09677D3D601}.Release|x64.Build.0 = Release|Any CPU
		{BA6E5DA0-9897-409A-BF64-D09677D3D601}.Release|x86.ActiveCfg = Release|Any CPU
		{BA6E5DA0-9897-409A-BF64-D09677D3D601}.Release|x86.Build.0 = Release|Any CPU
		{8C95A9B3-E106-42A5-8F93-3CFB7E8C48CA}.Debug|Any CPU.ActiveCfg = Debug|Any CPU
		{8C95A9B3-E106-42A5-8F93-3CFB7E8C48CA}.Debug|Any CPU.Build.0 = Debug|Any CPU
		{8C95A9B3-E106-42A5-8F93-3CFB7E8C48CA}.Debug|x64.ActiveCfg = Debug|Any CPU
		{8C95A9B3-E106-42A5-8F93-3CFB7E8C48CA}.Debug|x64.Build.0 = Debug|Any CPU
		{8C95A9B3-E106-42A5-8F93-3CFB7E8C48CA}.Debug|x86.ActiveCfg = Debug|Any CPU
		{8C95A9B3-E106-42A5-8F93-3CFB7E8C48CA}.Debug|x86.Build.0 = Debug|Any CPU
		{8C95A9B3-E106-42A5-8F93-3CFB7E8C48CA}.Release|Any CPU.ActiveCfg = Release|Any CPU
		{8C95A9B3-E106-42A5-8F93-3CFB7E8C48CA}.Release|Any CPU.Build.0 = Release|Any CPU
		{8C95A9B3-E106-42A5-8F93-3CFB7E8C48CA}.Release|x64.ActiveCfg = Release|Any CPU
		{8C95A9B3-E106-42A5-8F93-3CFB7E8C48CA}.Release|x64.Build.0 = Release|Any CPU
		{8C95A9B3-E106-42A5-8F93-3CFB7E8C48CA}.Release|x86.ActiveCfg = Release|Any CPU
		{8C95A9B3-E106-42A5-8F93-3CFB7E8C48CA}.Release|x86.Build.0 = Release|Any CPU
		{0FEF839D-86E7-4FFF-9B86-4080D759A891}.Debug|Any CPU.ActiveCfg = Debug|Any CPU
		{0FEF839D-86E7-4FFF-9B86-4080D759A891}.Debug|Any CPU.Build.0 = Debug|Any CPU
		{0FEF839D-86E7-4FFF-9B86-4080D759A891}.Debug|x64.ActiveCfg = Debug|Any CPU
		{0FEF839D-86E7-4FFF-9B86-4080D759A891}.Debug|x64.Build.0 = Debug|Any CPU
		{0FEF839D-86E7-4FFF-9B86-4080D759A891}.Debug|x86.ActiveCfg = Debug|Any CPU
		{0FEF839D-86E7-4FFF-9B86-4080D759A891}.Debug|x86.Build.0 = Debug|Any CPU
		{0FEF839D-86E7-4FFF-9B86-4080D759A891}.Release|Any CPU.ActiveCfg = Release|Any CPU
		{0FEF839D-86E7-4FFF-9B86-4080D759A891}.Release|Any CPU.Build.0 = Release|Any CPU
		{0FEF839D-86E7-4FFF-9B86-4080D759A891}.Release|x64.ActiveCfg = Release|Any CPU
		{0FEF839D-86E7-4FFF-9B86-4080D759A891}.Release|x64.Build.0 = Release|Any CPU
		{0FEF839D-86E7-4FFF-9B86-4080D759A891}.Release|x86.ActiveCfg = Release|Any CPU
		{0FEF839D-86E7-4FFF-9B86-4080D759A891}.Release|x86.Build.0 = Release|Any CPU
		{884BAAE1-2711-48C0-98D4-F02FE0DAD1E3}.Debug|Any CPU.ActiveCfg = Debug|Any CPU
		{884BAAE1-2711-48C0-98D4-F02FE0DAD1E3}.Debug|Any CPU.Build.0 = Debug|Any CPU
		{884BAAE1-2711-48C0-98D4-F02FE0DAD1E3}.Debug|x64.ActiveCfg = Debug|Any CPU
		{884BAAE1-2711-48C0-98D4-F02FE0DAD1E3}.Debug|x64.Build.0 = Debug|Any CPU
		{884BAAE1-2711-48C0-98D4-F02FE0DAD1E3}.Debug|x86.ActiveCfg = Debug|Any CPU
		{884BAAE1-2711-48C0-98D4-F02FE0DAD1E3}.Debug|x86.Build.0 = Debug|Any CPU
		{884BAAE1-2711-48C0-98D4-F02FE0DAD1E3}.Release|Any CPU.ActiveCfg = Release|Any CPU
		{884BAAE1-2711-48C0-98D4-F02FE0DAD1E3}.Release|Any CPU.Build.0 = Release|Any CPU
		{884BAAE1-2711-48C0-98D4-F02FE0DAD1E3}.Release|x64.ActiveCfg = Release|Any CPU
		{884BAAE1-2711-48C0-98D4-F02FE0DAD1E3}.Release|x64.Build.0 = Release|Any CPU
		{884BAAE1-2711-48C0-98D4-F02FE0DAD1E3}.Release|x86.ActiveCfg = Release|Any CPU
		{884BAAE1-2711-48C0-98D4-F02FE0DAD1E3}.Release|x86.Build.0 = Release|Any CPU
		{9BA9AA95-49B8-478A-BB3F-555A92A32630}.Debug|Any CPU.ActiveCfg = Debug|Any CPU
		{9BA9AA95-49B8-478A-BB3F-555A92A32630}.Debug|Any CPU.Build.0 = Debug|Any CPU
		{9BA9AA95-49B8-478A-BB3F-555A92A32630}.Debug|x64.ActiveCfg = Debug|Any CPU
		{9BA9AA95-49B8-478A-BB3F-555A92A32630}.Debug|x64.Build.0 = Debug|Any CPU
		{9BA9AA95-49B8-478A-BB3F-555A92A32630}.Debug|x86.ActiveCfg = Debug|Any CPU
		{9BA9AA95-49B8-478A-BB3F-555A92A32630}.Debug|x86.Build.0 = Debug|Any CPU
		{9BA9AA95-49B8-478A-BB3F-555A92A32630}.Release|Any CPU.ActiveCfg = Release|Any CPU
		{9BA9AA95-49B8-478A-BB3F-555A92A32630}.Release|Any CPU.Build.0 = Release|Any CPU
		{9BA9AA95-49B8-478A-BB3F-555A92A32630}.Release|x64.ActiveCfg = Release|Any CPU
		{9BA9AA95-49B8-478A-BB3F-555A92A32630}.Release|x64.Build.0 = Release|Any CPU
		{9BA9AA95-49B8-478A-BB3F-555A92A32630}.Release|x86.ActiveCfg = Release|Any CPU
		{9BA9AA95-49B8-478A-BB3F-555A92A32630}.Release|x86.Build.0 = Release|Any CPU
		{BA80883B-19DE-4261-9D70-81F8B11221FB}.Debug|Any CPU.ActiveCfg = Debug|Any CPU
		{BA80883B-19DE-4261-9D70-81F8B11221FB}.Debug|Any CPU.Build.0 = Debug|Any CPU
		{BA80883B-19DE-4261-9D70-81F8B11221FB}.Debug|x64.ActiveCfg = Debug|Any CPU
		{BA80883B-19DE-4261-9D70-81F8B11221FB}.Debug|x64.Build.0 = Debug|Any CPU
		{BA80883B-19DE-4261-9D70-81F8B11221FB}.Debug|x86.ActiveCfg = Debug|Any CPU
		{BA80883B-19DE-4261-9D70-81F8B11221FB}.Debug|x86.Build.0 = Debug|Any CPU
		{BA80883B-19DE-4261-9D70-81F8B11221FB}.Release|Any CPU.ActiveCfg = Release|Any CPU
		{BA80883B-19DE-4261-9D70-81F8B11221FB}.Release|Any CPU.Build.0 = Release|Any CPU
		{BA80883B-19DE-4261-9D70-81F8B11221FB}.Release|x64.ActiveCfg = Release|Any CPU
		{BA80883B-19DE-4261-9D70-81F8B11221FB}.Release|x64.Build.0 = Release|Any CPU
		{BA80883B-19DE-4261-9D70-81F8B11221FB}.Release|x86.ActiveCfg = Release|Any CPU
		{BA80883B-19DE-4261-9D70-81F8B11221FB}.Release|x86.Build.0 = Release|Any CPU
		{A362613C-D62F-451C-8098-D78C760BEDA6}.Debug|Any CPU.ActiveCfg = Debug|Any CPU
		{A362613C-D62F-451C-8098-D78C760BEDA6}.Debug|Any CPU.Build.0 = Debug|Any CPU
		{A362613C-D62F-451C-8098-D78C760BEDA6}.Debug|x64.ActiveCfg = Debug|Any CPU
		{A362613C-D62F-451C-8098-D78C760BEDA6}.Debug|x64.Build.0 = Debug|Any CPU
		{A362613C-D62F-451C-8098-D78C760BEDA6}.Debug|x86.ActiveCfg = Debug|Any CPU
		{A362613C-D62F-451C-8098-D78C760BEDA6}.Debug|x86.Build.0 = Debug|Any CPU
		{A362613C-D62F-451C-8098-D78C760BEDA6}.Release|Any CPU.ActiveCfg = Release|Any CPU
		{A362613C-D62F-451C-8098-D78C760BEDA6}.Release|Any CPU.Build.0 = Release|Any CPU
		{A362613C-D62F-451C-8098-D78C760BEDA6}.Release|x64.ActiveCfg = Release|Any CPU
		{A362613C-D62F-451C-8098-D78C760BEDA6}.Release|x64.Build.0 = Release|Any CPU
		{A362613C-D62F-451C-8098-D78C760BEDA6}.Release|x86.ActiveCfg = Release|Any CPU
		{A362613C-D62F-451C-8098-D78C760BEDA6}.Release|x86.Build.0 = Release|Any CPU
	EndGlobalSection
	GlobalSection(SolutionProperties) = preSolution
		HideSolutionNode = FALSE
	EndGlobalSection
	GlobalSection(ExtensibilityGlobals) = postSolution
		SolutionGuid = {61F9AC5D-CFA1-4537-9354-11AF94956F22}
	EndGlobalSection
EndGlobal
